
Microsoft Visual Studio Solution File, Format Version 12.00
# Visual Studio Version 16
VisualStudioVersion = 16.0.30011.22
MinimumVisualStudioVersion = 10.0.40219.1
Project("{FAE04EC0-301F-11D3-BF4B-00C04F79EFBC}") = "BakedLanguageEdits", "BakedLanguageEdits\BakedLanguageEdits.csproj", "{1D3CB43C-E878-465C-A44E-71C0CE4A3208}"
EndProject
Global
	GlobalSection(SolutionConfigurationPlatforms) = preSolution
		Debug|Any CPU = Debug|Any CPU
		Release|Any CPU = Release|Any CPU
	EndGlobalSection
	GlobalSection(ProjectConfigurationPlatforms) = postSolution
		{1D3CB43C-E878-465C-A44E-71C0CE4A3208}.Debug|Any CPU.ActiveCfg = Debug|Any CPU
		{1D3CB43C-E878-465C-A44E-71C0CE4A3208}.Debug|Any CPU.Build.0 = Debug|Any CPU
		{1D3CB43C-E878-465C-A44E-71C0CE4A3208}.Release|Any CPU.ActiveCfg = Release|Any CPU
		{1D3CB43C-E878-465C-A44E-71C0CE4A3208}.Release|Any CPU.Build.0 = Release|Any CPU
	EndGlobalSection
	GlobalSection(SolutionProperties) = preSolution
		HideSolutionNode = FALSE
	EndGlobalSection
	GlobalSection(ExtensibilityGlobals) = postSolution
		SolutionGuid = {D6B34CB5-AF87-4BA5-BED1-B615E55EAC5C}
	EndGlobalSection
EndGlobal
