
Microsoft Visual Studio Solution File, Format Version 12.00
# Visual Studio Version 16
VisualStudioVersion = 16.0.30011.22
MinimumVisualStudioVersion = 10.0.40219.1
Project("{9A19103F-16F7-4668-BE54-9A1E7A4F7556}") = "BakedLanguageEdits", "BakedLanguageEdits\BakedLanguageEdits.csproj", "{1D3CB43C-E878-465C-A44E-71C0CE4A3208}"
EndProject
Project("{2150E333-8FDC-42A3-9474-1A3956D46DE8}") = "Solution Items", "Solution Items", "{2245B0CA-DFA5-4016-93E0-345F3FE0B1E2}"
	ProjectSection(SolutionItems) = preProject
		.editorconfig = .editorconfig
	EndProjectSection
EndProject
Global
	GlobalSection(SolutionConfigurationPlatforms) = preSolution
		Debug|Any CPU = Debug|Any CPU
		Release|Any CPU = Release|Any CPU
	EndGlobalSection
	GlobalSection(ProjectConfigurationPlatforms) = postSolution
		{1D3CB43C-E878-465C-A44E-71C0CE4A3208}.Debug|Any CPU.ActiveCfg = Debug|Any CPU
		{1D3CB43C-E878-465C-A44E-71C0CE4A3208}.Debug|Any CPU.Build.0 = Debug|Any CPU
		{1D3CB43C-E878-465C-A44E-71C0CE4A3208}.Release|Any CPU.ActiveCfg = Release|Any CPU
		{1D3CB43C-E878-465C-A44E-71C0CE4A3208}.Release|Any CPU.Build.0 = Release|Any CPU
	EndGlobalSection
	GlobalSection(SolutionProperties) = preSolution
		HideSolutionNode = FALSE
	EndGlobalSection
	GlobalSection(ExtensibilityGlobals) = postSolution
		SolutionGuid = {D6B34CB5-AF87-4BA5-BED1-B615E55EAC5C}
	EndGlobalSection
EndGlobal
